{
  "lockfileVersion": 1,
  "dependencies": {
    "asn1.js": {
      "version": "4.9.1",
      "resolved": "https://registry.npmjs.org/asn1.js/-/asn1.js-4.9.1.tgz",
      "integrity": "sha1-SLokC0WpKA6UdImQull9IWYX/UA="
    },
    "base64url": {
      "version": "2.0.0",
      "resolved": "https://registry.npmjs.org/base64url/-/base64url-2.0.0.tgz",
      "integrity": "sha1-6sFuA+oUOO/5Qj1puqNiYu0fcLs="
    },
    "bn.js": {
      "version": "4.11.6",
      "resolved": "https://registry.npmjs.org/bn.js/-/bn.js-4.11.6.tgz",
      "integrity": "sha1-UzRK2xRhehP26N0s4okF0cC6MhU="
    },
    "buffer-equal-constant-time": {
      "version": "1.0.1",
      "resolved": "https://registry.npmjs.org/buffer-equal-constant-time/-/buffer-equal-constant-time-1.0.1.tgz",
      "integrity": "sha1-+OcRMvf/5uAaXJaXpMbz5I1cyBk="
    },
    "ecdsa-sig-formatter": {
      "version": "1.0.9",
      "resolved": "https://registry.npmjs.org/ecdsa-sig-formatter/-/ecdsa-sig-formatter-1.0.9.tgz",
      "integrity": "sha1-S8kmJ07Dtau1AW5+HWCSGsJisqE="
    },
    "http_ece": {
      "version": "0.5.2",
      "resolved": "https://registry.npmjs.org/http_ece/-/http_ece-0.5.2.tgz",
      "integrity": "sha1-VlTX7J2Za3Sc4AonbhjVS22PkF8="
    },
    "inherits": {
      "version": "2.0.3",
      "resolved": "https://registry.npmjs.org/inherits/-/inherits-2.0.3.tgz",
      "integrity": "sha1-Yzwsg+PaQqUC9SRmAiSA9CCCYd4="
    },
    "jwa": {
      "version": "1.1.5",
      "resolved": "https://registry.npmjs.org/jwa/-/jwa-1.1.5.tgz",
      "integrity": "sha1-oFUs4CIHQs1S4VN3SjKQXDDnVuU="
    },
    "jws": {
      "version": "3.1.4",
      "resolved": "https://registry.npmjs.org/jws/-/jws-3.1.4.tgz",
      "integrity": "sha1-+ei5M46KhHJ31kRLFGT2GIDgUKI="
    },
    "minimalistic-assert": {
      "version": "1.0.0",
      "resolved": "https://registry.npmjs.org/minimalistic-assert/-/minimalistic-assert-1.0.0.tgz",
      "integrity": "sha1-cCvi3aazf0g2vLP121ZkG2Sh09M="
    },
    "minimist": {
      "version": "1.2.0",
      "resolved": "https://registry.npmjs.org/minimist/-/minimist-1.2.0.tgz",
      "integrity": "sha1-o1AIsg9BOD7sH7kU9M1d95omQoQ="
    },
    "safe-buffer": {
      "version": "5.1.0",
      "resolved": "https://registry.npmjs.org/safe-buffer/-/safe-buffer-5.1.0.tgz",
      "integrity": "sha512-aSLEDudu6OoRr/2rU609gRmnYboRLxgDG1z9o2Q0os7236FwvcqIOO8r8U5JUEwivZOhDaKlFO4SbPTJYyBEyQ=="
    },
    "urlsafe-base64": {
      "version": "1.0.0",
      "resolved": "https://registry.npmjs.org/urlsafe-base64/-/urlsafe-base64-1.0.0.tgz",
      "integrity": "sha1-I/iQaabGL0bPOh07ABac77kL4MY="
    },
    "web-push": {
      "version": "3.2.2",
      "resolved": "https://registry.npmjs.org/web-push/-/web-push-3.2.2.tgz",
      "integrity": "sha1-0vfFWQowN8tQ5EQrURft1kdXaKU="
    }
  }
}
